{
  "nodes": {
    "AskiCore": {
      "flake": false,
      "locked": {
        "narHash": "sha256-ZLyzoJbXHpV/z9rYycbCSVZvdi8yCoHUXz2P9ALVZ0I=",
        "path": "./AskiCore",
        "type": "path"
      },
      "original": {
        "path": "./AskiCore",
        "type": "path"
      }
    },
    "AskiFleik": {
      "flake": false,
      "locked": {
        "narHash": "sha256-hjqAEVuCrnt+7ph7TsvjovJEa/hodUc0K5guooIRBZE=",
        "path": "./AskiFleik",
        "type": "path"
      },
      "original": {
        "path": "./AskiFleik",
        "type": "path"
      }
    },
    "KLambdaBootstrap": {
      "flake": false,
      "locked": {
        "narHash": "sha256-kT/JJ1oQpFzo5bPG7sIrH8UT84nYe3tlytDpJ1SSLrI=",
        "path": "./KLambdaBootstrap",
        "type": "path"
      },
      "original": {
        "path": "./KLambdaBootstrap",
        "type": "path"
      }
    },
    "LispCore": {
      "flake": false,
      "locked": {
        "narHash": "sha256-aebErJ/qYHaE/cdnWPwj3Kx3isN94bYKA8Jo//NJ42A=",
        "path": "./LispCore",
        "type": "path"
      },
      "original": {
        "path": "./LispCore",
        "type": "path"
      }
    },
    "LispCorePrimitives": {
      "flake": false,
      "locked": {
        "narHash": "sha256-buCczYUZ0biupPUUYgc36PsVVetu9NbsuLWnYJJgR9M=",
        "path": "./LispCorePrimitives",
        "type": "path"
      },
      "original": {
        "path": "./LispCorePrimitives",
        "type": "path"
      }
    },
    "LispExtendedPrimitives": {
      "flake": false,
      "locked": {
        "narHash": "sha256-2m8AQvk1UwXq7gQhLDBGbj6PYYTSpO/rLqcYQktpmwA=",
        "path": "./LispExtendedPrimitives",
        "type": "path"
      },
      "original": {
        "path": "./LispExtendedPrimitives",
        "type": "path"
      }
    },
    "ShenCore": {
      "flake": false,
      "locked": {
        "narHash": "sha256-ZE0RsSkrVFV6wsUDydKKwj8C+rGRPSkTWk/L0/yV0e8=",
        "path": "./ShenCore",
        "type": "path"
      },
      "original": {
        "path": "./ShenCore",
        "type": "path"
      }
    },
    "ShenCoreBootstrap": {
      "flake": false,
      "locked": {
        "narHash": "sha256-P6muYTBiw/wwqN5HE3BqBvkbYDpjZ/HRyZ7ME2TbCOY=",
        "path": "./ShenCoreBootstrap",
        "type": "path"
      },
      "original": {
        "path": "./ShenCoreBootstrap",
        "type": "path"
      }
    },
    "ShenCoreTests": {
      "flake": false,
      "locked": {
        "narHash": "sha256-EbT8PfeWjkLIutpLuDQyLO9FiQyqP5i0BsvCo06zl7I=",
        "path": "./ShenCoreTests",
        "type": "path"
      },
      "original": {
        "path": "./ShenCoreTests",
        "type": "path"
      }
    },
    "ShenExtended": {
      "flake": false,
      "locked": {
        "narHash": "sha256-2mJwK2PcKjA0F5+EjvOcQGJ87aP35/7ocPs5ffIJouc=",
        "path": "./ShenExtended",
        "type": "path"
      },
      "original": {
        "path": "./ShenExtended",
        "type": "path"
      }
    },
    "ShenExtendedBootstrap": {
      "flake": false,
      "locked": {
        "narHash": "sha256-kF0oG5NFc7L+v/NMLRjGd1cmXZuxw0HwB7D31lwr55M=",
        "path": "./ShenExtendedBootstrap",
        "type": "path"
      },
      "original": {
        "path": "./ShenExtendedBootstrap",
        "type": "path"
      }
    },
    "root": {
      "inputs": {
        "AskiCore": "AskiCore",
        "AskiFleik": "AskiFleik",
        "KLambdaBootstrap": "KLambdaBootstrap",
        "LispCore": "LispCore",
        "LispCorePrimitives": "LispCorePrimitives",
        "LispExtendedPrimitives": "LispExtendedPrimitives",
        "ShenCore": "ShenCore",
        "ShenCoreBootstrap": "ShenCoreBootstrap",
        "ShenCoreTests": "ShenCoreTests",
        "ShenExtended": "ShenExtended",
        "ShenExtendedBootstrap": "ShenExtendedBootstrap"
      }
    }
  },
  "root": "root",
  "version": 7
}
