{
  "nodes": {
    "AskiCore": {
      "flake": false,
      "locked": {
        "narHash": "sha256-ZLyzoJbXHpV/z9rYycbCSVZvdi8yCoHUXz2P9ALVZ0I=",
        "path": "./AskiCore",
        "type": "path"
      },
      "original": {
        "path": "./AskiCore",
        "type": "path"
      }
    },
    "AskiCoreFleik": {
      "flake": false,
      "locked": {
        "narHash": "sha256-qOqDilUpjJVRGHaJqTIO2Y5eJaIQuGE0frZC9ZcZyNc=",
        "path": "./AskiCoreFleik",
        "type": "path"
      },
      "original": {
        "path": "./AskiCoreFleik",
        "type": "path"
      }
    },
    "KLambdaBootstrap": {
      "flake": false,
      "locked": {
        "narHash": "sha256-Awm5D0x5Yg1tmjkQcpib/gCtYlqLBO/54vLkMDfcWP8=",
        "path": "./KLambdaBootstrap",
        "type": "path"
      },
      "original": {
        "path": "./KLambdaBootstrap",
        "type": "path"
      }
    },
    "LispCore": {
      "flake": false,
      "locked": {
        "narHash": "sha256-aebErJ/qYHaE/cdnWPwj3Kx3isN94bYKA8Jo//NJ42A=",
        "path": "./LispCore",
        "type": "path"
      },
      "original": {
        "path": "./LispCore",
        "type": "path"
      }
    },
    "LispCorePrimitives": {
      "flake": false,
      "locked": {
        "narHash": "sha256-buCczYUZ0biupPUUYgc36PsVVetu9NbsuLWnYJJgR9M=",
        "path": "./LispCorePrimitives",
        "type": "path"
      },
      "original": {
        "path": "./LispCorePrimitives",
        "type": "path"
      }
    },
    "LispExtendedPrimitives": {
      "flake": false,
      "locked": {
        "narHash": "sha256-NsHHXvXLTUtkAOTSuiIqf0Li4XG9cJSgWxmb8izi3Nc=",
        "path": "./LispExtendedPrimitives",
        "type": "path"
      },
      "original": {
        "path": "./LispExtendedPrimitives",
        "type": "path"
      }
    },
    "ShenAski": {
      "flake": false,
      "locked": {
        "narHash": "sha256-C3Pgicf/bhS5jcZRQtRb77q6cjJzWM8xXQRazAxdD4o=",
        "path": "./ShenAski",
        "type": "path"
      },
      "original": {
        "path": "./ShenAski",
        "type": "path"
      }
    },
    "ShenCore": {
      "flake": false,
      "locked": {
        "narHash": "sha256-5OHBn6Pf9LDwe0BBf2uVG9rj3PEfuIrkuM/ieY1mHBU=",
        "path": "./ShenCore",
        "type": "path"
      },
      "original": {
        "path": "./ShenCore",
        "type": "path"
      }
    },
    "ShenCoreBootstrap": {
      "flake": false,
      "locked": {
        "narHash": "sha256-P6muYTBiw/wwqN5HE3BqBvkbYDpjZ/HRyZ7ME2TbCOY=",
        "path": "./ShenCoreBootstrap",
        "type": "path"
      },
      "original": {
        "path": "./ShenCoreBootstrap",
        "type": "path"
      }
    },
    "ShenCoreTests": {
      "flake": false,
      "locked": {
        "narHash": "sha256-EbT8PfeWjkLIutpLuDQyLO9FiQyqP5i0BsvCo06zl7I=",
        "path": "./ShenCoreTests",
        "type": "path"
      },
      "original": {
        "path": "./ShenCoreTests",
        "type": "path"
      }
    },
    "ShenExtended": {
      "flake": false,
      "locked": {
        "narHash": "sha256-OgTJlJBGBJe5xI42GLkGo9SJ4K0o0YjODFaFshGcih0=",
        "path": "./ShenExtended",
        "type": "path"
      },
      "original": {
        "path": "./ShenExtended",
        "type": "path"
      }
    },
    "ShenExtendedBootstrap": {
      "flake": false,
      "locked": {
        "narHash": "sha256-IRH8tDEZ5SR1VN6s6kgLoAbLiO5NfvrbFcgOgqyXFSs=",
        "path": "./ShenExtendedBootstrap",
        "type": "path"
      },
      "original": {
        "path": "./ShenExtendedBootstrap",
        "type": "path"
      }
    },
    "ShenExtendedTests": {
      "flake": false,
      "locked": {
        "narHash": "sha256-9b0mPdxzcmyjfuMOVvjwd7/JCeikF8OGqDiKL4KApk0=",
        "path": "./ShenExtendedTests",
        "type": "path"
      },
      "original": {
        "path": "./ShenExtendedTests",
        "type": "path"
      }
    },
    "root": {
      "inputs": {
        "AskiCore": "AskiCore",
        "AskiCoreFleik": "AskiCoreFleik",
        "KLambdaBootstrap": "KLambdaBootstrap",
        "LispCore": "LispCore",
        "LispCorePrimitives": "LispCorePrimitives",
        "LispExtendedPrimitives": "LispExtendedPrimitives",
        "ShenAski": "ShenAski",
        "ShenCore": "ShenCore",
        "ShenCoreBootstrap": "ShenCoreBootstrap",
        "ShenCoreTests": "ShenCoreTests",
        "ShenExtended": "ShenExtended",
        "ShenExtendedBootstrap": "ShenExtendedBootstrap",
        "ShenExtendedTests": "ShenExtendedTests"
      }
    }
  },
  "root": "root",
  "version": 7
}
