{
  "nodes": {
    "AskiCore": {
      "flake": false,
      "locked": {
        "lastModified": 1,
        "narHash": "sha256-ZLyzoJbXHpV/z9rYycbCSVZvdi8yCoHUXz2P9ALVZ0I=",
        "path": "./AskiCore",
        "type": "path"
      },
      "original": {
        "path": "./AskiCore",
        "type": "path"
      }
    },
    "AskiCoreFleik": {
      "flake": false,
      "locked": {
        "lastModified": 1,
        "narHash": "sha256-qOqDilUpjJVRGHaJqTIO2Y5eJaIQuGE0frZC9ZcZyNc=",
        "path": "./AskiCoreFleik",
        "type": "path"
      },
      "original": {
        "path": "./AskiCoreFleik",
        "type": "path"
      }
    },
    "KLambdaBootstrap": {
      "flake": false,
      "locked": {
        "lastModified": 1,
        "narHash": "sha256-rusyGaan8eDqlEc7zmxMdYDoO4OKoPllC5juxP2qnko=",
        "path": "./KLambdaBootstrap",
        "type": "path"
      },
      "original": {
        "path": "./KLambdaBootstrap",
        "type": "path"
      }
    },
    "LispCore": {
      "flake": false,
      "locked": {
        "lastModified": 1,
        "narHash": "sha256-aebErJ/qYHaE/cdnWPwj3Kx3isN94bYKA8Jo//NJ42A=",
        "path": "./LispCore",
        "type": "path"
      },
      "original": {
        "path": "./LispCore",
        "type": "path"
      }
    },
    "LispCorePrimitives": {
      "flake": false,
      "locked": {
        "lastModified": 1,
        "narHash": "sha256-buCczYUZ0biupPUUYgc36PsVVetu9NbsuLWnYJJgR9M=",
        "path": "./LispCorePrimitives",
        "type": "path"
      },
      "original": {
        "path": "./LispCorePrimitives",
        "type": "path"
      }
    },
    "LispExtendedPrimitives": {
      "flake": false,
      "locked": {
        "lastModified": 1,
        "narHash": "sha256-NsHHXvXLTUtkAOTSuiIqf0Li4XG9cJSgWxmb8izi3Nc=",
        "path": "./LispExtendedPrimitives",
        "type": "path"
      },
      "original": {
        "path": "./LispExtendedPrimitives",
        "type": "path"
      }
    },
    "ShenAski": {
      "flake": false,
      "locked": {
        "lastModified": 1,
        "narHash": "sha256-Icqb70Hiz6P0lypMk1pFi9tc2u6vj6fV/kaqZeXLkYk=",
        "path": "./ShenAski",
        "type": "path"
      },
      "original": {
        "path": "./ShenAski",
        "type": "path"
      }
    },
    "ShenCore": {
      "flake": false,
      "locked": {
        "lastModified": 1,
        "narHash": "sha256-NNMP9dh4BTdPx4W8mnhTCDvCoVYUXnhDFFUHDYU/z1M=",
        "path": "./ShenCore",
        "type": "path"
      },
      "original": {
        "path": "./ShenCore",
        "type": "path"
      }
    },
    "ShenCoreBootstrap": {
      "flake": false,
      "locked": {
        "lastModified": 1,
        "narHash": "sha256-P6muYTBiw/wwqN5HE3BqBvkbYDpjZ/HRyZ7ME2TbCOY=",
        "path": "./ShenCoreBootstrap",
        "type": "path"
      },
      "original": {
        "path": "./ShenCoreBootstrap",
        "type": "path"
      }
    },
    "ShenCoreTests": {
      "flake": false,
      "locked": {
        "lastModified": 1,
        "narHash": "sha256-EbT8PfeWjkLIutpLuDQyLO9FiQyqP5i0BsvCo06zl7I=",
        "path": "./ShenCoreTests",
        "type": "path"
      },
      "original": {
        "path": "./ShenCoreTests",
        "type": "path"
      }
    },
    "ShenExtended": {
      "flake": false,
      "locked": {
        "lastModified": 1,
        "narHash": "sha256-0XpXnv70oWPwZ6F1qV5SjPjef7BfrvsnY1ED5kfmpUU=",
        "path": "./ShenExtended",
        "type": "path"
      },
      "original": {
        "path": "./ShenExtended",
        "type": "path"
      }
    },
    "ShenExtendedBootstrap": {
      "flake": false,
      "locked": {
        "lastModified": 1,
        "narHash": "sha256-s9GegX9q30AGIohEH4Q04wXzJi8krBiqE4XSgjs6UeY=",
        "path": "./ShenExtendedBootstrap",
        "type": "path"
      },
      "original": {
        "path": "./ShenExtendedBootstrap",
        "type": "path"
      }
    },
    "ShenExtendedTests": {
      "flake": false,
      "locked": {
        "lastModified": 1,
        "narHash": "sha256-9b0mPdxzcmyjfuMOVvjwd7/JCeikF8OGqDiKL4KApk0=",
        "path": "./ShenExtendedTests",
        "type": "path"
      },
      "original": {
        "path": "./ShenExtendedTests",
        "type": "path"
      }
    },
    "root": {
      "inputs": {
        "AskiCore": "AskiCore",
        "AskiCoreFleik": "AskiCoreFleik",
        "KLambdaBootstrap": "KLambdaBootstrap",
        "LispCore": "LispCore",
        "LispCorePrimitives": "LispCorePrimitives",
        "LispExtendedPrimitives": "LispExtendedPrimitives",
        "ShenAski": "ShenAski",
        "ShenCore": "ShenCore",
        "ShenCoreBootstrap": "ShenCoreBootstrap",
        "ShenCoreTests": "ShenCoreTests",
        "ShenExtended": "ShenExtended",
        "ShenExtendedBootstrap": "ShenExtendedBootstrap",
        "ShenExtendedTests": "ShenExtendedTests"
      }
    }
  },
  "root": "root",
  "version": 7
}
